
Microsoft Visual Studio Solution File, Format Version 12.00
# Visual Studio Version 16
VisualStudioVersion = 16.0.30621.155
MinimumVisualStudioVersion = 10.0.40219.1
Project("{FAE04EC0-301F-11D3-BF4B-00C04F79EFBC}") = "DecryptAndEncrypt", "DecryptAndEncrypt\DecryptAndEncrypt.csproj", "{EA4628B2-7065-4ED1-AD44-A2EABE9E8D30}"
EndProject
Project("{FAE04EC0-301F-11D3-BF4B-00C04F79EFBC}") = "Hashing", "Hashing\Hashing.csproj", "{0D463C89-B604-4449-951D-04B1CE1FAC67}"
EndProject
Project("{FAE04EC0-301F-11D3-BF4B-00C04F79EFBC}") = "KeepingOurSecrets", "KeepingOurSecrets\KeepingOurSecrets.csproj", "{F6D620E0-4DA2-4187-8921-5A82147BE006}"
EndProject
Global
	GlobalSection(SolutionConfigurationPlatforms) = preSolution
		Debug|Any CPU = Debug|Any CPU
		Release|Any CPU = Release|Any CPU
	EndGlobalSection
	GlobalSection(ProjectConfigurationPlatforms) = postSolution
		{EA4628B2-7065-4ED1-AD44-A2EABE9E8D30}.Debug|Any CPU.ActiveCfg = Debug|Any CPU
		{EA4628B2-7065-4ED1-AD44-A2EABE9E8D30}.Debug|Any CPU.Build.0 = Debug|Any CPU
		{EA4628B2-7065-4ED1-AD44-A2EABE9E8D30}.Release|Any CPU.ActiveCfg = Release|Any CPU
		{EA4628B2-7065-4ED1-AD44-A2EABE9E8D30}.Release|Any CPU.Build.0 = Release|Any CPU
		{0D463C89-B604-4449-951D-04B1CE1FAC67}.Debug|Any CPU.ActiveCfg = Debug|Any CPU
		{0D463C89-B604-4449-951D-04B1CE1FAC67}.Debug|Any CPU.Build.0 = Debug|Any CPU
		{0D463C89-B604-4449-951D-04B1CE1FAC67}.Release|Any CPU.ActiveCfg = Release|Any CPU
		{0D463C89-B604-4449-951D-04B1CE1FAC67}.Release|Any CPU.Build.0 = Release|Any CPU
		{F6D620E0-4DA2-4187-8921-5A82147BE006}.Debug|Any CPU.ActiveCfg = Debug|Any CPU
		{F6D620E0-4DA2-4187-8921-5A82147BE006}.Debug|Any CPU.Build.0 = Debug|Any CPU
		{F6D620E0-4DA2-4187-8921-5A82147BE006}.Release|Any CPU.ActiveCfg = Release|Any CPU
		{F6D620E0-4DA2-4187-8921-5A82147BE006}.Release|Any CPU.Build.0 = Release|Any CPU
	EndGlobalSection
	GlobalSection(SolutionProperties) = preSolution
		HideSolutionNode = FALSE
	EndGlobalSection
	GlobalSection(ExtensibilityGlobals) = postSolution
		SolutionGuid = {6F8B5508-5EB0-4AEF-BEC8-8DD3AF4FC697}
	EndGlobalSection
EndGlobal
